
Microsoft Visual Studio Solution File, Format Version 12.00
# Visual Studio Version 17
VisualStudioVersion = 17.14.36221.1
MinimumVisualStudioVersion = 10.0.40219.1
Project("{FAE04EC0-301F-11D3-BF4B-00C04F79EFBC}") = "EncryptOrDie", "EncryptOrDie\EncryptOrDie.csproj", "{26C83121-44F5-4550-8E6E-75E93CEF79FB}"
EndProject
Project("{FAE04EC0-301F-11D3-BF4B-00C04F79EFBC}") = "CardGames", "CardGames\CardGames.csproj", "{EC643626-95E4-4EA4-BD64-93107CABE9D8}"
EndProject
Project("{FAE04EC0-301F-11D3-BF4B-00C04F79EFBC}") = "SecureNotes", "SecureNotes\SecureNotes.csproj", "{F2A474C1-427B-42D0-A982-06AE5D230116}"
EndProject
Project("{FAE04EC0-301F-11D3-BF4B-00C04F79EFBC}") = "SurvivalRpg", "SurvivalRpg\SurvivalRpg.csproj", "{CD68383A-E5AE-434F-ACFF-34E4EC1747F7}"
EndProject
Project("{2150E333-8FDC-42A3-9474-1A3956D46DE8}") = "MiniProjects", "MiniProjects", "{02EA681E-C7D8-13C7-8484-4AC65E1B71E8}"
EndProject
Project("{2150E333-8FDC-42A3-9474-1A3956D46DE8}") = "FoundationalProjects", "FoundationalProjects", "{FB4D3841-E417-4289-8DB7-DDA3855E101D}"
EndProject
Project("{FAE04EC0-301F-11D3-BF4B-00C04F79EFBC}") = "WPM", "WPM\WPM.csproj", "{A1F65CAF-B66C-467D-B1D8-2CB8962AAECE}"
EndProject
Project("{FAE04EC0-301F-11D3-BF4B-00C04F79EFBC}") = "SecureNotesWebApi", "SecureNotesWebApi\SecureNotesWebApi.csproj", "{E43EA6ED-BB54-4E3F-8F72-6CED56B4BA02}"
EndProject
Global
	GlobalSection(SolutionConfigurationPlatforms) = preSolution
		Debug|Any CPU = Debug|Any CPU
		Release|Any CPU = Release|Any CPU
	EndGlobalSection
	GlobalSection(ProjectConfigurationPlatforms) = postSolution
		{26C83121-44F5-4550-8E6E-75E93CEF79FB}.Debug|Any CPU.ActiveCfg = Debug|Any CPU
		{26C83121-44F5-4550-8E6E-75E93CEF79FB}.Debug|Any CPU.Build.0 = Debug|Any CPU
		{26C83121-44F5-4550-8E6E-75E93CEF79FB}.Release|Any CPU.ActiveCfg = Release|Any CPU
		{26C83121-44F5-4550-8E6E-75E93CEF79FB}.Release|Any CPU.Build.0 = Release|Any CPU
		{EC643626-95E4-4EA4-BD64-93107CABE9D8}.Debug|Any CPU.ActiveCfg = Debug|Any CPU
		{EC643626-95E4-4EA4-BD64-93107CABE9D8}.Debug|Any CPU.Build.0 = Debug|Any CPU
		{EC643626-95E4-4EA4-BD64-93107CABE9D8}.Release|Any CPU.ActiveCfg = Release|Any CPU
		{EC643626-95E4-4EA4-BD64-93107CABE9D8}.Release|Any CPU.Build.0 = Release|Any CPU
		{F2A474C1-427B-42D0-A982-06AE5D230116}.Debug|Any CPU.ActiveCfg = Debug|Any CPU
		{F2A474C1-427B-42D0-A982-06AE5D230116}.Debug|Any CPU.Build.0 = Debug|Any CPU
		{F2A474C1-427B-42D0-A982-06AE5D230116}.Release|Any CPU.ActiveCfg = Release|Any CPU
		{F2A474C1-427B-42D0-A982-06AE5D230116}.Release|Any CPU.Build.0 = Release|Any CPU
		{CD68383A-E5AE-434F-ACFF-34E4EC1747F7}.Debug|Any CPU.ActiveCfg = Debug|Any CPU
		{CD68383A-E5AE-434F-ACFF-34E4EC1747F7}.Debug|Any CPU.Build.0 = Debug|Any CPU
		{CD68383A-E5AE-434F-ACFF-34E4EC1747F7}.Release|Any CPU.ActiveCfg = Release|Any CPU
		{CD68383A-E5AE-434F-ACFF-34E4EC1747F7}.Release|Any CPU.Build.0 = Release|Any CPU
		{A1F65CAF-B66C-467D-B1D8-2CB8962AAECE}.Debug|Any CPU.ActiveCfg = Debug|Any CPU
		{A1F65CAF-B66C-467D-B1D8-2CB8962AAECE}.Debug|Any CPU.Build.0 = Debug|Any CPU
		{A1F65CAF-B66C-467D-B1D8-2CB8962AAECE}.Release|Any CPU.ActiveCfg = Release|Any CPU
		{A1F65CAF-B66C-467D-B1D8-2CB8962AAECE}.Release|Any CPU.Build.0 = Release|Any CPU
		{E43EA6ED-BB54-4E3F-8F72-6CED56B4BA02}.Debug|Any CPU.ActiveCfg = Debug|Any CPU
		{E43EA6ED-BB54-4E3F-8F72-6CED56B4BA02}.Debug|Any CPU.Build.0 = Debug|Any CPU
		{E43EA6ED-BB54-4E3F-8F72-6CED56B4BA02}.Release|Any CPU.ActiveCfg = Release|Any CPU
		{E43EA6ED-BB54-4E3F-8F72-6CED56B4BA02}.Release|Any CPU.Build.0 = Release|Any CPU
	EndGlobalSection
	GlobalSection(SolutionProperties) = preSolution
		HideSolutionNode = FALSE
	EndGlobalSection
	GlobalSection(NestedProjects) = preSolution
		{26C83121-44F5-4550-8E6E-75E93CEF79FB} = {02EA681E-C7D8-13C7-8484-4AC65E1B71E8}
		{EC643626-95E4-4EA4-BD64-93107CABE9D8} = {02EA681E-C7D8-13C7-8484-4AC65E1B71E8}
		{F2A474C1-427B-42D0-A982-06AE5D230116} = {FB4D3841-E417-4289-8DB7-DDA3855E101D}
		{CD68383A-E5AE-434F-ACFF-34E4EC1747F7} = {02EA681E-C7D8-13C7-8484-4AC65E1B71E8}
		{A1F65CAF-B66C-467D-B1D8-2CB8962AAECE} = {FB4D3841-E417-4289-8DB7-DDA3855E101D}
		{E43EA6ED-BB54-4E3F-8F72-6CED56B4BA02} = {FB4D3841-E417-4289-8DB7-DDA3855E101D}
	EndGlobalSection
	GlobalSection(ExtensibilityGlobals) = postSolution
		SolutionGuid = {C62AFD67-2885-49E2-B13B-EAB5DF220F92}
	EndGlobalSection
EndGlobal
